
Microsoft Visual Studio Solution File, Format Version 12.00
# Visual Studio Version 16
VisualStudioVersion = 16.0.30413.136
MinimumVisualStudioVersion = 10.0.40219.1
Project("{FAE04EC0-301F-11D3-BF4B-00C04F79EFBC}") = "1.Kompavovka (Kirill Kopti).Android", "1.Kompavovka (Kirill Kopti)\1.Kompavovka (Kirill Kopti).Android\1.Kompavovka (Kirill Kopti).Android.csproj", "{9524C88B-C770-4667-A21C-ABE0A36E8B06}"
EndProject
Project("{FAE04EC0-301F-11D3-BF4B-00C04F79EFBC}") = "1.Kompavovka (Kirill Kopti).iOS", "1.Kompavovka (Kirill Kopti)\1.Kompavovka (Kirill Kopti).iOS\1.Kompavovka (Kirill Kopti).iOS.csproj", "{FB55FF57-5026-4AEB-B247-8E063C3FE2B8}"
EndProject
Project("{FAE04EC0-301F-11D3-BF4B-00C04F79EFBC}") = "1.Kompavovka (Kirill Kopti)", "1.Kompavovka (Kirill Kopti)\1.Kompavovka (Kirill Kopti)\1.Kompavovka (Kirill Kopti).csproj", "{290F9111-A4EA-41F6-88ED-7797CA0C598A}"
EndProject
Global
	GlobalSection(SolutionConfigurationPlatforms) = preSolution
		Debug|Any CPU = Debug|Any CPU
		Debug|iPhone = Debug|iPhone
		Debug|iPhoneSimulator = Debug|iPhoneSimulator
		Release|Any CPU = Release|Any CPU
		Release|iPhone = Release|iPhone
		Release|iPhoneSimulator = Release|iPhoneSimulator
	EndGlobalSection
	GlobalSection(ProjectConfigurationPlatforms) = postSolution
		{9524C88B-C770-4667-A21C-ABE0A36E8B06}.Debug|Any CPU.ActiveCfg = Debug|Any CPU
		{9524C88B-C770-4667-A21C-ABE0A36E8B06}.Debug|Any CPU.Build.0 = Debug|Any CPU
		{9524C88B-C770-4667-A21C-ABE0A36E8B06}.Debug|Any CPU.Deploy.0 = Debug|Any CPU
		{9524C88B-C770-4667-A21C-ABE0A36E8B06}.Debug|iPhone.ActiveCfg = Debug|Any CPU
		{9524C88B-C770-4667-A21C-ABE0A36E8B06}.Debug|iPhone.Build.0 = Debug|Any CPU
		{9524C88B-C770-4667-A21C-ABE0A36E8B06}.Debug|iPhone.Deploy.0 = Debug|Any CPU
		{9524C88B-C770-4667-A21C-ABE0A36E8B06}.Debug|iPhoneSimulator.ActiveCfg = Debug|Any CPU
		{9524C88B-C770-4667-A21C-ABE0A36E8B06}.Debug|iPhoneSimulator.Build.0 = Debug|Any CPU
		{9524C88B-C770-4667-A21C-ABE0A36E8B06}.Debug|iPhoneSimulator.Deploy.0 = Debug|Any CPU
		{9524C88B-C770-4667-A21C-ABE0A36E8B06}.Release|Any CPU.ActiveCfg = Release|Any CPU
		{9524C88B-C770-4667-A21C-ABE0A36E8B06}.Release|Any CPU.Build.0 = Release|Any CPU
		{9524C88B-C770-4667-A21C-ABE0A36E8B06}.Release|Any CPU.Deploy.0 = Release|Any CPU
		{9524C88B-C770-4667-A21C-ABE0A36E8B06}.Release|iPhone.ActiveCfg = Release|Any CPU
		{9524C88B-C770-4667-A21C-ABE0A36E8B06}.Release|iPhone.Build.0 = Release|Any CPU
		{9524C88B-C770-4667-A21C-ABE0A36E8B06}.Release|iPhone.Deploy.0 = Release|Any CPU
		{9524C88B-C770-4667-A21C-ABE0A36E8B06}.Release|iPhoneSimulator.ActiveCfg = Release|Any CPU
		{9524C88B-C770-4667-A21C-ABE0A36E8B06}.Release|iPhoneSimulator.Build.0 = Release|Any CPU
		{9524C88B-C770-4667-A21C-ABE0A36E8B06}.Release|iPhoneSimulator.Deploy.0 = Release|Any CPU
		{FB55FF57-5026-4AEB-B247-8E063C3FE2B8}.Debug|Any CPU.ActiveCfg = Debug|iPhone
		{FB55FF57-5026-4AEB-B247-8E063C3FE2B8}.Debug|Any CPU.Build.0 = Debug|iPhone
		{FB55FF57-5026-4AEB-B247-8E063C3FE2B8}.Debug|Any CPU.Deploy.0 = Debug|iPhone
		{FB55FF57-5026-4AEB-B247-8E063C3FE2B8}.Debug|iPhone.ActiveCfg = Debug|iPhone
		{FB55FF57-5026-4AEB-B247-8E063C3FE2B8}.Debug|iPhone.Build.0 = Debug|iPhone
		{FB55FF57-5026-4AEB-B247-8E063C3FE2B8}.Debug|iPhone.Deploy.0 = Debug|iPhone
		{FB55FF57-5026-4AEB-B247-8E063C3FE2B8}.Debug|iPhoneSimulator.ActiveCfg = Debug|iPhoneSimulator
		{FB55FF57-5026-4AEB-B247-8E063C3FE2B8}.Debug|iPhoneSimulator.Build.0 = Debug|iPhoneSimulator
		{FB55FF57-5026-4AEB-B247-8E063C3FE2B8}.Debug|iPhoneSimulator.Deploy.0 = Debug|iPhoneSimulator
		{FB55FF57-5026-4AEB-B247-8E063C3FE2B8}.Release|Any CPU.ActiveCfg = Release|iPhone
		{FB55FF57-5026-4AEB-B247-8E063C3FE2B8}.Release|Any CPU.Build.0 = Release|iPhone
		{FB55FF57-5026-4AEB-B247-8E063C3FE2B8}.Release|Any CPU.Deploy.0 = Release|iPhone
		{FB55FF57-5026-4AEB-B247-8E063C3FE2B8}.Release|iPhone.ActiveCfg = Release|iPhone
		{FB55FF57-5026-4AEB-B247-8E063C3FE2B8}.Release|iPhone.Build.0 = Release|iPhone
		{FB55FF57-5026-4AEB-B247-8E063C3FE2B8}.Release|iPhone.Deploy.0 = Release|iPhone
		{FB55FF57-5026-4AEB-B247-8E063C3FE2B8}.Release|iPhoneSimulator.ActiveCfg = Release|iPhoneSimulator
		{FB55FF57-5026-4AEB-B247-8E063C3FE2B8}.Release|iPhoneSimulator.Build.0 = Release|iPhoneSimulator
		{FB55FF57-5026-4AEB-B247-8E063C3FE2B8}.Release|iPhoneSimulator.Deploy.0 = Release|iPhoneSimulator
		{290F9111-A4EA-41F6-88ED-7797CA0C598A}.Debug|Any CPU.ActiveCfg = Debug|Any CPU
		{290F9111-A4EA-41F6-88ED-7797CA0C598A}.Debug|Any CPU.Build.0 = Debug|Any CPU
		{290F9111-A4EA-41F6-88ED-7797CA0C598A}.Debug|Any CPU.Deploy.0 = Debug|Any CPU
		{290F9111-A4EA-41F6-88ED-7797CA0C598A}.Debug|iPhone.ActiveCfg = Debug|Any CPU
		{290F9111-A4EA-41F6-88ED-7797CA0C598A}.Debug|iPhone.Build.0 = Debug|Any CPU
		{290F9111-A4EA-41F6-88ED-7797CA0C598A}.Debug|iPhone.Deploy.0 = Debug|Any CPU
		{290F9111-A4EA-41F6-88ED-7797CA0C598A}.Debug|iPhoneSimulator.ActiveCfg = Debug|Any CPU
		{290F9111-A4EA-41F6-88ED-7797CA0C598A}.Debug|iPhoneSimulator.Build.0 = Debug|Any CPU
		{290F9111-A4EA-41F6-88ED-7797CA0C598A}.Debug|iPhoneSimulator.Deploy.0 = Debug|Any CPU
		{290F9111-A4EA-41F6-88ED-7797CA0C598A}.Release|Any CPU.ActiveCfg = Release|Any CPU
		{290F9111-A4EA-41F6-88ED-7797CA0C598A}.Release|Any CPU.Build.0 = Release|Any CPU
		{290F9111-A4EA-41F6-88ED-7797CA0C598A}.Release|Any CPU.Deploy.0 = Release|Any CPU
		{290F9111-A4EA-41F6-88ED-7797CA0C598A}.Release|iPhone.ActiveCfg = Release|Any CPU
		{290F9111-A4EA-41F6-88ED-7797CA0C598A}.Release|iPhone.Build.0 = Release|Any CPU
		{290F9111-A4EA-41F6-88ED-7797CA0C598A}.Release|iPhone.Deploy.0 = Release|Any CPU
		{290F9111-A4EA-41F6-88ED-7797CA0C598A}.Release|iPhoneSimulator.ActiveCfg = Release|Any CPU
		{290F9111-A4EA-41F6-88ED-7797CA0C598A}.Release|iPhoneSimulator.Build.0 = Release|Any CPU
		{290F9111-A4EA-41F6-88ED-7797CA0C598A}.Release|iPhoneSimulator.Deploy.0 = Release|Any CPU
	EndGlobalSection
	GlobalSection(SolutionProperties) = preSolution
		HideSolutionNode = FALSE
	EndGlobalSection
	GlobalSection(ExtensibilityGlobals) = postSolution
		SolutionGuid = {29FCD8BD-973F-4E5B-91FA-A3692F497A57}
	EndGlobalSection
EndGlobal
